PODS:
  - card_scanner (0.0.1):
    - Flutter
    - GoogleMLKit/TextRecognition
  - Flutter (1.0.0)
  - GoogleDataTransport (3.3.1)
  - GoogleDataTransportCCTSupport (1.3.1):
    - GoogleDataTransport (~> 3.3)
    - nanopb (~> 0.3.901)
  - GoogleMLKit/MLKitCore (0.61.0):
    - MLKitCommon (~> 0.61.0)
  - GoogleMLKit/TextRecognition (0.61.0):
    - GoogleMLKit/MLKitCore
    - MLKitTextRecognition (~> 0.61.0)
  - GoogleToolboxForMac/DebugUtils (2.2.2):
    - GoogleToolboxForMac/Defines (= 2.2.2)
  - GoogleToolboxForMac/Defines (2.2.2)
  - GoogleToolboxForMac/Logger (2.2.2):
    - GoogleToolboxForMac/Defines (= 2.2.2)
  - "GoogleToolboxForMac/NSData+zlib (2.2.2)":
    - GoogleToolboxForMac/Defines (= 2.2.2)
  - "GoogleToolboxForMac/NSDictionary+URLArguments (2.2.2)":
    - GoogleToolboxForMac/DebugUtils (= 2.2.2)
    - GoogleToolboxForMac/Defines (= 2.2.2)
    - "GoogleToolboxForMac/NSString+URLArguments (= 2.2.2)"
  - "GoogleToolboxForMac/NSString+URLArguments (2.2.2)"
  - GoogleUtilities/Environment (6.6.0):
    - PromisesObjC (~> 1.2)
  - GoogleUtilities/Logger (6.6.0):
    - GoogleUtilities/Environment
  - GoogleUtilities/UserDefaults (6.6.0):
    - GoogleUtilities/Logger
  - GoogleUtilitiesComponents (1.0.0):
    - GoogleUtilities/Logger
  - GTMSessionFetcher/Core (1.4.0)
  - MLKitCommon (0.61.0):
    - GoogleDataTransport (~> 3.2)
    - GoogleDataTransportCCTSupport (~> 1.2)
    - GoogleToolboxForMac/Logger (~> 2.1)
    - "GoogleToolboxForMac/NSData+zlib (~> 2.1)"
    - "GoogleToolboxForMac/NSDictionary+URLArguments (~> 2.1)"
    - GoogleUtilities/UserDefaults (~> 6.0)
    - GoogleUtilitiesComponents (~> 1.0)
    - GTMSessionFetcher/Core (~> 1.1)
    - Protobuf (~> 3.12)
  - MLKitTextRecognition (0.61.0):
    - MLKitCommon (~> 0.61)
    - MLKitVision (~> 0.61)
  - MLKitVision (0.61.0):
    - GoogleToolboxForMac/Logger (~> 2.1)
    - "GoogleToolboxForMac/NSData+zlib (~> 2.1)"
    - GTMSessionFetcher/Core (~> 1.1)
    - MLKitCommon (~> 0.61)
    - Protobuf (~> 3.12)
  - nanopb (0.3.9011):
    - nanopb/decode (= 0.3.9011)
    - nanopb/encode (= 0.3.9011)
  - nanopb/decode (0.3.9011)
  - nanopb/encode (0.3.9011)
  - PromisesObjC (1.2.9)
  - Protobuf (3.12.0)

DEPENDENCIES:
  - card_scanner (from `.symlinks/plugins/card_scanner/ios`)
  - Flutter (from `Flutter`)

SPEC REPOS:
  trunk:
    - GoogleDataTransport
    - GoogleDataTransportCCTSupport
    - GoogleMLKit
    - GoogleToolboxForMac
    - GoogleUtilities
    - GoogleUtilitiesComponents
    - GTMSessionFetcher
    - MLKitCommon
    - MLKitTextRecognition
    - MLKitVision
    - nanopb
    - PromisesObjC
    - Protobuf

EXTERNAL SOURCES:
  card_scanner:
    :path: ".symlinks/plugins/card_scanner/ios"
  Flutter:
    :path: Flutter

SPEC CHECKSUMS:
  card_scanner: 558ec4d574484250562e63ec60fee50b0a8eec49
  Flutter: 0e3d915762c693b495b44d77113d4970485de6ec
  GoogleDataTransport: 0048df6388dab1c254799f2a30365b1dffe20422
  GoogleDataTransportCCTSupport: f880d70972efa2ed1be4e9173a0f4c5f3dc2d176
  GoogleMLKit: e05f6a167cfddf82593168561917bebd920f6a82
  GoogleToolboxForMac: 800648f8b3127618c1b59c7f97684427630c5ea3
  GoogleUtilities: 39530bc0ad980530298e9c4af8549e991fd033b1
  GoogleUtilitiesComponents: a69c0b3b369ba443e988141e75ef49d9010b1c80
  GTMSessionFetcher: 6f5c8abbab8a9bce4bb3f057e317728ec6182b10
  MLKitCommon: 820fbd1d5af7bb75c4d697ed44397e0ba7443ccb
  MLKitTextRecognition: 37e0f5915d43dbc0b267dff8571f295be8f51595
  MLKitVision: 192a127e63701d1c061c7a45538557486bc7a4d6
  nanopb: 18003b5e52dab79db540fe93fe9579f399bd1ccd
  PromisesObjC: b48e0338dbbac2207e611750777895f7a5811b75
  Protobuf: 2793fcd0622a00b546c60e7cbbcc493e043e9bb9

PODFILE CHECKSUM: 7e51f282f5965f2fa3d5aa791c09a3af50a5aa12

COCOAPODS: 1.9.0
